
Microsoft Visual Studio Solution File, Format Version 12.00
# Visual Studio Version 17
VisualStudioVersion = 17.1.32421.90
MinimumVisualStudioVersion = 10.0.40219.1
Project("{FAE04EC0-301F-11D3-BF4B-00C04F79EFBC}") = "Indexers_lab", "Indexers_lab\Indexers_lab.csproj", "{29961345-CA51-41B2-9CA4-E68EC9DBF113}"
EndProject
Global
	GlobalSection(SolutionConfigurationPlatforms) = preSolution
		Debug|Any CPU = Debug|Any CPU
		Release|Any CPU = Release|Any CPU
	EndGlobalSection
	GlobalSection(ProjectConfigurationPlatforms) = postSolution
		{29961345-CA51-41B2-9CA4-E68EC9DBF113}.Debug|Any CPU.ActiveCfg = Debug|Any CPU
		{29961345-CA51-41B2-9CA4-E68EC9DBF113}.Debug|Any CPU.Build.0 = Debug|Any CPU
		{29961345-CA51-41B2-9CA4-E68EC9DBF113}.Release|Any CPU.ActiveCfg = Release|Any CPU
		{29961345-CA51-41B2-9CA4-E68EC9DBF113}.Release|Any CPU.Build.0 = Release|Any CPU
	EndGlobalSection
	GlobalSection(SolutionProperties) = preSolution
		HideSolutionNode = FALSE
	EndGlobalSection
	GlobalSection(ExtensibilityGlobals) = postSolution
		SolutionGuid = {3D95CB6E-919E-455A-BE7A-5462CCA820A2}
	EndGlobalSection
EndGlobal
